{
  "name": "upload_statistics",
  "version": "1.0.4",
  "lockfileVersion": 3,
  "requires": true,
  "packages": {
    "": {
      "name": "upload_statistics",
      "version": "1.0.4",
      "license": "ISC",
      "dependencies": {
        "mira-app-core": "^1.0.15",
        "mira-storage-sqlite": "^1.0.11"
      }
    },
    "../../../packages/mira-core": {
      "name": "mira-app-core",
      "version": "1.0.15",
      "license": "ISC",
      "dependencies": {
        "@types/multer": "^2.0.0",
        "axios": "^1.11.0",
        "express": "^5.1.0",
        "mira-storage-sqlite": "^1.0.11",
        "multer": "^2.0.2",
        "queue": "^7.0.0",
        "ws": "^8.18.3"
      },
      "devDependencies": {
        "@types/express": "^5.0.3",
        "@types/ws": "^8.18.1",
        "ts-node": "^10.9.2",
        "typescript": "^5.3.3"
      }
    },
    "../../../packages/mira-storage-sqlite": {
      "version": "1.0.12",
      "license": "ISC",
      "dependencies": {
        "mira-app-core": "^1.0.15",
        "sqlite3": "^5.1.7"
      },
      "devDependencies": {
        "@types/node": "^20.0.0",
        "ts-node": "^10.9.2",
        "typescript": "^5.3.3"
      },
      "peerDependencies": {
        "mira-app-core": "^1.0.15"
      }
    },
    "node_modules/mira-app-core": {
      "resolved": "../../../packages/mira-core",
      "link": true
    },
    "node_modules/mira-storage-sqlite": {
      "resolved": "../../../packages/mira-storage-sqlite",
      "link": true
    }
  }
}
