{
  "name": "mira_demo",
  "version": "1.0.0",
  "lockfileVersion": 3,
  "requires": true,
  "packages": {
    "": {
      "name": "mira_demo",
      "version": "1.0.0",
      "license": "ISC",
      "dependencies": {
        "mira_core": "file:../../../src/lib"
      }
    },
    "../../../src/lib": {
      "name": "mira_core",
      "version": "1.0.0",
      "license": "ISC"
    },
    "node_modules/mira_core": {
      "resolved": "../../../src/lib",
      "link": true
    }
  }
}
